uuid: 8aed9aa3-1819-47d2-8712-a8947a35d792
langcode: en
status: true
dependencies:
  config:
    - contact.form.contact
  module:
    - contact_block
    - system
  theme:
    - bch_tw
id: bch_tw_contactblock
theme: bch_tw
region: content
weight: 0
provider: null
plugin: contact_block
settings:
  id: contact_block
  label: 'Contact block'
  label_display: '0'
  provider: contact_block
  contact_form: contact
  form_display: default
visibility:
  request_path:
    id: request_path
    negate: false
    pages: "/node/7\r\n/node/154"
